
Microsoft Visual Studio Solution File, Format Version 12.00
# Visual Studio Version 17
VisualStudioVersion = 17.0.31919.166
MinimumVisualStudioVersion = 10.0.40219.1
Project("{9A19103F-16F7-4668-BE54-9A1E7A4F7556}") = "NewFeatures", "NewFeatures\NewFeatures.csproj", "{00FE8EF3-FDA5-4332-B3BE-444D26D66BB5}"
EndProject
Project("{9A19103F-16F7-4668-BE54-9A1E7A4F7556}") = "BlazorServer", "BlazorUI\BlazorServer.csproj", "{553A18B4-D041-47AA-8FEF-6E9E28E0AA4E}"
EndProject
Project("{00D1A9C2-B5F0-4AF3-8072-F6C62B433612}") = "DBProject", "DBProject\DBProject.sqlproj", "{3CF07A1E-5CFC-4415-86CB-BF003FE6FEB6}"
EndProject
Global
	GlobalSection(SolutionConfigurationPlatforms) = preSolution
		Debug|Any CPU = Debug|Any CPU
		Release|Any CPU = Release|Any CPU
	EndGlobalSection
	GlobalSection(ProjectConfigurationPlatforms) = postSolution
		{00FE8EF3-FDA5-4332-B3BE-444D26D66BB5}.Debug|Any CPU.ActiveCfg = Debug|Any CPU
		{00FE8EF3-FDA5-4332-B3BE-444D26D66BB5}.Debug|Any CPU.Build.0 = Debug|Any CPU
		{00FE8EF3-FDA5-4332-B3BE-444D26D66BB5}.Release|Any CPU.ActiveCfg = Release|Any CPU
		{00FE8EF3-FDA5-4332-B3BE-444D26D66BB5}.Release|Any CPU.Build.0 = Release|Any CPU
		{553A18B4-D041-47AA-8FEF-6E9E28E0AA4E}.Debug|Any CPU.ActiveCfg = Debug|Any CPU
		{553A18B4-D041-47AA-8FEF-6E9E28E0AA4E}.Debug|Any CPU.Build.0 = Debug|Any CPU
		{553A18B4-D041-47AA-8FEF-6E9E28E0AA4E}.Release|Any CPU.ActiveCfg = Release|Any CPU
		{553A18B4-D041-47AA-8FEF-6E9E28E0AA4E}.Release|Any CPU.Build.0 = Release|Any CPU
		{3CF07A1E-5CFC-4415-86CB-BF003FE6FEB6}.Debug|Any CPU.ActiveCfg = Debug|Any CPU
		{3CF07A1E-5CFC-4415-86CB-BF003FE6FEB6}.Debug|Any CPU.Build.0 = Debug|Any CPU
		{3CF07A1E-5CFC-4415-86CB-BF003FE6FEB6}.Debug|Any CPU.Deploy.0 = Debug|Any CPU
		{3CF07A1E-5CFC-4415-86CB-BF003FE6FEB6}.Release|Any CPU.ActiveCfg = Release|Any CPU
		{3CF07A1E-5CFC-4415-86CB-BF003FE6FEB6}.Release|Any CPU.Build.0 = Release|Any CPU
		{3CF07A1E-5CFC-4415-86CB-BF003FE6FEB6}.Release|Any CPU.Deploy.0 = Release|Any CPU
	EndGlobalSection
	GlobalSection(SolutionProperties) = preSolution
		HideSolutionNode = FALSE
	EndGlobalSection
	GlobalSection(ExtensibilityGlobals) = postSolution
		SolutionGuid = {C385AE1F-8D3F-4343-A7C3-A84F3DADBBBB}
	EndGlobalSection
EndGlobal
